// !$*UTF8*$!
{
	archiveVersion = 1;
	classes = {
	};
	objectVersion = 42;
	objects = {

/* Begin PBXBuildFile section */
		1125F9DE15C7828B00480FB9 /* BSpline.cpp in Sources */ = {isa = PBXBuildFile; fileRef = 1125F9D915C7828B00480FB9 /* BSpline.cpp */; };
		1125F9DF15C7828B00480FB9 /* BSplineBase.cpp in Sources */ = {isa = PBXBuildFile; fileRef = 1125F9DB15C7828B00480FB9 /* BSplineBase.cpp */; };
		1125F9E015C7828B00480FB9 /* BSplineLib.cpp in Sources */ = {isa = PBXBuildFile; fileRef = 1125F9DD15C7828B00480FB9 /* BSplineLib.cpp */; };
		1125FA6915C8009400480FB9 /* barray.cpp in Sources */ = {isa = PBXBuildFile; fileRef = 1125FA2015C8009300480FB9 /* barray.cpp */; };
		1125FA6A15C8009400480FB9 /* barray2d.cpp in Sources */ = {isa = PBXBuildFile; fileRef = 1125FA2215C8009300480FB9 /* barray2d.cpp */; };
		1125FA6B15C8009400480FB9 /* barray2d_char.cpp in Sources */ = {isa = PBXBuildFile; fileRef = 1125FA2415C8009300480FB9 /* barray2d_char.cpp */; };
		1125FA6C15C8009400480FB9 /* barray2d_complex.cpp in Sources */ = {isa = PBXBuildFile; fileRef = 1125FA2515C8009300480FB9 /* barray2d_complex.cpp */; };
		1125FA6D15C8009400480FB9 /* barray2d_coordinate.cpp in Sources */ = {isa = PBXBuildFile; fileRef = 1125FA2615C8009300480FB9 /* barray2d_coordinate.cpp */; };
		1125FA6E15C8009400480FB9 /* barray2d_double.cpp in Sources */ = {isa = PBXBuildFile; fileRef = 1125FA2715C8009300480FB9 /* barray2d_double.cpp */; };
		1125FA6F15C8009400480FB9 /* barray2d_float.cpp in Sources */ = {isa = PBXBuildFile; fileRef = 1125FA2815C8009300480FB9 /* barray2d_float.cpp */; };
		1125FA7015C8009400480FB9 /* barray2d_hpoint.cpp in Sources */ = {isa = PBXBuildFile; fileRef = 1125FA2915C8009300480FB9 /* barray2d_hpoint.cpp */; };
		1125FA7115C8009400480FB9 /* barray2d_int.cpp in Sources */ = {isa = PBXBuildFile; fileRef = 1125FA2A15C8009300480FB9 /* barray2d_int.cpp */; };
		1125FA7215C8009400480FB9 /* barray2d_point.cpp in Sources */ = {isa = PBXBuildFile; fileRef = 1125FA2B15C8009300480FB9 /* barray2d_point.cpp */; };
		1125FA7315C8009400480FB9 /* barray2d_uchar.cpp in Sources */ = {isa = PBXBuildFile; fileRef = 1125FA2C15C8009300480FB9 /* barray2d_uchar.cpp */; };
		1125FA7415C8009400480FB9 /* barray_char.cpp in Sources */ = {isa = PBXBuildFile; fileRef = 1125FA2D15C8009300480FB9 /* barray_char.cpp */; };
		1125FA7515C8009400480FB9 /* barray_complex.cpp in Sources */ = {isa = PBXBuildFile; fileRef = 1125FA2E15C8009300480FB9 /* barray_complex.cpp */; };
		1125FA7615C8009400480FB9 /* barray_coordinate.cpp in Sources */ = {isa = PBXBuildFile; fileRef = 1125FA2F15C8009300480FB9 /* barray_coordinate.cpp */; };
		1125FA7715C8009400480FB9 /* barray_double.cpp in Sources */ = {isa = PBXBuildFile; fileRef = 1125FA3015C8009300480FB9 /* barray_double.cpp */; };
		1125FA7815C8009400480FB9 /* barray_float.cpp in Sources */ = {isa = PBXBuildFile; fileRef = 1125FA3115C8009300480FB9 /* barray_float.cpp */; };
		1125FA7915C8009400480FB9 /* barray_hpoint.cpp in Sources */ = {isa = PBXBuildFile; fileRef = 1125FA3215C8009300480FB9 /* barray_hpoint.cpp */; };
		1125FA7A15C8009400480FB9 /* barray_int.cpp in Sources */ = {isa = PBXBuildFile; fileRef = 1125FA3315C8009300480FB9 /* barray_int.cpp */; };
		1125FA7B15C8009400480FB9 /* barray_point.cpp in Sources */ = {isa = PBXBuildFile; fileRef = 1125FA3415C8009300480FB9 /* barray_point.cpp */; };
		1125FA7C15C8009400480FB9 /* barray_uchar.cpp in Sources */ = {isa = PBXBuildFile; fileRef = 1125FA3515C8009300480FB9 /* barray_uchar.cpp */; };
		1125FA7D15C8009400480FB9 /* barray_void.cpp in Sources */ = {isa = PBXBuildFile; fileRef = 1125FA3615C8009300480FB9 /* barray_void.cpp */; };
		1125FA7E15C8009400480FB9 /* coordinate.cpp in Sources */ = {isa = PBXBuildFile; fileRef = 1125FA3715C8009300480FB9 /* coordinate.cpp */; };
		1125FA7F15C8009400480FB9 /* cvector.cpp in Sources */ = {isa = PBXBuildFile; fileRef = 1125FA3915C8009300480FB9 /* cvector.cpp */; };
		1125FA8015C8009400480FB9 /* error.cpp in Sources */ = {isa = PBXBuildFile; fileRef = 1125FA3B15C8009300480FB9 /* error.cpp */; };
		1125FA8315C8009400480FB9 /* hpoint_nd.cpp in Sources */ = {isa = PBXBuildFile; fileRef = 1125FA4115C8009300480FB9 /* hpoint_nd.cpp */; };
		1125FA8415C8009400480FB9 /* list.cpp in Sources */ = {isa = PBXBuildFile; fileRef = 1125FA4315C8009300480FB9 /* list.cpp */; };
		1125FA8615C8009400480FB9 /* matrix.cpp in Sources */ = {isa = PBXBuildFile; fileRef = 1125FA4815C8009400480FB9 /* matrix.cpp */; };
		1125FA8715C8009400480FB9 /* matrix_char.cpp in Sources */ = {isa = PBXBuildFile; fileRef = 1125FA4A15C8009400480FB9 /* matrix_char.cpp */; };
		1125FA8815C8009400480FB9 /* matrix_complex.cpp in Sources */ = {isa = PBXBuildFile; fileRef = 1125FA4B15C8009400480FB9 /* matrix_complex.cpp */; };
		1125FA8915C8009400480FB9 /* matrix_double.cpp in Sources */ = {isa = PBXBuildFile; fileRef = 1125FA4C15C8009400480FB9 /* matrix_double.cpp */; };
		1125FA8A15C8009400480FB9 /* matrix_float.cpp in Sources */ = {isa = PBXBuildFile; fileRef = 1125FA4D15C8009400480FB9 /* matrix_float.cpp */; };
		1125FA8B15C8009400480FB9 /* matrix_hpoint.cpp in Sources */ = {isa = PBXBuildFile; fileRef = 1125FA4F15C8009400480FB9 /* matrix_hpoint.cpp */; };
		1125FA8C15C8009400480FB9 /* matrix_int.cpp in Sources */ = {isa = PBXBuildFile; fileRef = 1125FA5015C8009400480FB9 /* matrix_int.cpp */; };
		1125FA8D15C8009400480FB9 /* matrix_point.cpp in Sources */ = {isa = PBXBuildFile; fileRef = 1125FA5115C8009400480FB9 /* matrix_point.cpp */; };
		1125FA8E15C8009400480FB9 /* matrix_uchar.cpp in Sources */ = {isa = PBXBuildFile; fileRef = 1125FA5215C8009400480FB9 /* matrix_uchar.cpp */; };
		1125FA8F15C8009400480FB9 /* matrixTool.cpp in Sources */ = {isa = PBXBuildFile; fileRef = 1125FA5315C8009400480FB9 /* matrixTool.cpp */; };
		1125FA9015C8009400480FB9 /* point_nd.cpp in Sources */ = {isa = PBXBuildFile; fileRef = 1125FA5515C8009400480FB9 /* point_nd.cpp */; };
		1125FA9115C8009400480FB9 /* vector.cpp in Sources */ = {isa = PBXBuildFile; fileRef = 1125FA5915C8009400480FB9 /* vector.cpp */; };
		1125FA9215C8009400480FB9 /* vector_char.cpp in Sources */ = {isa = PBXBuildFile; fileRef = 1125FA5B15C8009400480FB9 /* vector_char.cpp */; };
		1125FA9315C8009400480FB9 /* vector_complex.cpp in Sources */ = {isa = PBXBuildFile; fileRef = 1125FA5C15C8009400480FB9 /* vector_complex.cpp */; };
		1125FA9415C8009400480FB9 /* vector_double.cpp in Sources */ = {isa = PBXBuildFile; fileRef = 1125FA5D15C8009400480FB9 /* vector_double.cpp */; };
		1125FA9515C8009400480FB9 /* vector_float.cpp in Sources */ = {isa = PBXBuildFile; fileRef = 1125FA5E15C8009400480FB9 /* vector_float.cpp */; };
		1125FA9615C8009400480FB9 /* vector_hpoint.cpp in Sources */ = {isa = PBXBuildFile; fileRef = 1125FA5F15C8009400480FB9 /* vector_hpoint.cpp */; };
		1125FA9715C8009400480FB9 /* vector_int.cpp in Sources */ = {isa = PBXBuildFile; fileRef = 1125FA6015C8009400480FB9 /* vector_int.cpp */; };
		1125FA9815C8009400480FB9 /* vector_point.cpp in Sources */ = {isa = PBXBuildFile; fileRef = 1125FA6115C8009400480FB9 /* vector_point.cpp */; };
		1125FA9915C8009400480FB9 /* vector_uchar.cpp in Sources */ = {isa = PBXBuildFile; fileRef = 1125FA6215C8009400480FB9 /* vector_uchar.cpp */; };
		1125FB2A15C814D000480FB9 /* chebexp.cpp in Sources */ = {isa = PBXBuildFile; fileRef = 1125FB1915C814D000480FB9 /* chebexp.cpp */; };
		1125FB2B15C814D000480FB9 /* chebexp_.cpp in Sources */ = {isa = PBXBuildFile; fileRef = 1125FB1A15C814D000480FB9 /* chebexp_.cpp */; };
		1125FB2C15C814D000480FB9 /* fft.cpp in Sources */ = {isa = PBXBuildFile; fileRef = 1125FB1B15C814D000480FB9 /* fft.cpp */; };
		1125FB2D15C814D000480FB9 /* fft_.cpp in Sources */ = {isa = PBXBuildFile; fileRef = 1125FB1C15C814D000480FB9 /* fft_.cpp */; };
		1125FB2E15C814D000480FB9 /* intccq.cpp in Sources */ = {isa = PBXBuildFile; fileRef = 1125FB1D15C814D000480FB9 /* intccq.cpp */; };
		1125FB2F15C814D000480FB9 /* intccq_.cpp in Sources */ = {isa = PBXBuildFile; fileRef = 1125FB1E15C814D000480FB9 /* intccq_.cpp */; };
		1125FB3015C814D000480FB9 /* matrixMat.cpp in Sources */ = {isa = PBXBuildFile; fileRef = 1125FB2015C814D000480FB9 /* matrixMat.cpp */; };
		1125FB3115C814D000480FB9 /* matrixMat_.cpp in Sources */ = {isa = PBXBuildFile; fileRef = 1125FB2215C814D000480FB9 /* matrixMat_.cpp */; };
		1125FB3215C814D000480FB9 /* statistic.cpp in Sources */ = {isa = PBXBuildFile; fileRef = 1125FB2315C814D000480FB9 /* statistic.cpp */; };
		1125FB3315C814D000480FB9 /* statistic_.cpp in Sources */ = {isa = PBXBuildFile; fileRef = 1125FB2515C814D000480FB9 /* statistic_.cpp */; };
		1125FB4615C814D400480FB9 /* color.cpp in Sources */ = {isa = PBXBuildFile; fileRef = 1125FB3B15C814D400480FB9 /* color.cpp */; };
		1125FB4715C814D400480FB9 /* filter.cpp in Sources */ = {isa = PBXBuildFile; fileRef = 1125FB3D15C814D400480FB9 /* filter.cpp */; };
		1125FB4815C814D400480FB9 /* filter_.cpp in Sources */ = {isa = PBXBuildFile; fileRef = 1125FB3F15C814D400480FB9 /* filter_.cpp */; };
		1125FB4915C814D400480FB9 /* image.cpp in Sources */ = {isa = PBXBuildFile; fileRef = 1125FB4015C814D400480FB9 /* image.cpp */; };
		1125FB4A15C814D400480FB9 /* image_.cpp in Sources */ = {isa = PBXBuildFile; fileRef = 1125FB4215C814D400480FB9 /* image_.cpp */; };
		1125FB4B15C814D400480FB9 /* rec_filter.cpp in Sources */ = {isa = PBXBuildFile; fileRef = 1125FB4315C814D400480FB9 /* rec_filter.cpp */; };
		1125FB4C15C814D400480FB9 /* rec_filter_.cpp in Sources */ = {isa = PBXBuildFile; fileRef = 1125FB4515C814D400480FB9 /* rec_filter_.cpp */; };
		1125FBC915C8330E00480FB9 /* curve.cpp in Sources */ = {isa = PBXBuildFile; fileRef = 1125FBC415C8330E00480FB9 /* curve.cpp */; };
		1125FBCA15C8330E00480FB9 /* d_curve.cpp in Sources */ = {isa = PBXBuildFile; fileRef = 1125FBC615C8330E00480FB9 /* d_curve.cpp */; };
		1125FBCB15C8330E00480FB9 /* f_curve.cpp in Sources */ = {isa = PBXBuildFile; fileRef = 1125FBC715C8330E00480FB9 /* f_curve.cpp */; };
		BBAB23CB13894F3D00AA2426 /* GLUT.framework in CopyFiles */ = {isa = PBXBuildFile; fileRef = BBAB23BE13894E4700AA2426 /* GLUT.framework */; };
		E4328149138ABC9F0047C5CB /* openFrameworksDebug.a in Frameworks */ = {isa = PBXBuildFile; fileRef = E4328148138ABC890047C5CB /* openFrameworksDebug.a */; };
		E45BE97B0E8CC7DD009D7055 /* AGL.framework in Frameworks */ = {isa = PBXBuildFile; fileRef = E45BE9710E8CC7DD009D7055 /* AGL.framework */; };
		E45BE97C0E8CC7DD009D7055 /* ApplicationServices.framework in Frameworks */ = {isa = PBXBuildFile; fileRef = E45BE9720E8CC7DD009D7055 /* ApplicationServices.framework */; };
		E45BE97D0E8CC7DD009D7055 /* AudioToolbox.framework in Frameworks */ = {isa = PBXBuildFile; fileRef = E45BE9730E8CC7DD009D7055 /* AudioToolbox.framework */; };
		E45BE97E0E8CC7DD009D7055 /* Carbon.framework in Frameworks */ = {isa = PBXBuildFile; fileRef = E45BE9740E8CC7DD009D7055 /* Carbon.framework */; };
		E45BE97F0E8CC7DD009D7055 /* CoreAudio.framework in Frameworks */ = {isa = PBXBuildFile; fileRef = E45BE9750E8CC7DD009D7055 /* CoreAudio.framework */; };
		E45BE9800E8CC7DD009D7055 /* CoreFoundation.framework in Frameworks */ = {isa = PBXBuildFile; fileRef = E45BE9760E8CC7DD009D7055 /* CoreFoundation.framework */; };
		E45BE9810E8CC7DD009D7055 /* CoreServices.framework in Frameworks */ = {isa = PBXBuildFile; fileRef = E45BE9770E8CC7DD009D7055 /* CoreServices.framework */; };
		E45BE9830E8CC7DD009D7055 /* OpenGL.framework in Frameworks */ = {isa = PBXBuildFile; fileRef = E45BE9790E8CC7DD009D7055 /* OpenGL.framework */; };
		E45BE9840E8CC7DD009D7055 /* QuickTime.framework in Frameworks */ = {isa = PBXBuildFile; fileRef = E45BE97A0E8CC7DD009D7055 /* QuickTime.framework */; };
		E4B69E200A3A1BDC003C02F2 /* main.cpp in Sources */ = {isa = PBXBuildFile; fileRef = E4B69E1D0A3A1BDC003C02F2 /* main.cpp */; };
		E4B69E210A3A1BDC003C02F2 /* testApp.cpp in Sources */ = {isa = PBXBuildFile; fileRef = E4B69E1E0A3A1BDC003C02F2 /* testApp.cpp */; };
		E4C2424710CC5A17004149E2 /* AppKit.framework in Frameworks */ = {isa = PBXBuildFile; fileRef = E4C2424410CC5A17004149E2 /* AppKit.framework */; };
		E4C2424810CC5A17004149E2 /* Cocoa.framework in Frameworks */ = {isa = PBXBuildFile; fileRef = E4C2424510CC5A17004149E2 /* Cocoa.framework */; };
		E4C2424910CC5A17004149E2 /* IOKit.framework in Frameworks */ = {isa = PBXBuildFile; fileRef = E4C2424610CC5A17004149E2 /* IOKit.framework */; };
		E4EB6799138ADC1D00A09F29 /* GLUT.framework in Frameworks */ = {isa = PBXBuildFile; fileRef = BBAB23BE13894E4700AA2426 /* GLUT.framework */; };
/* End PBXBuildFile section */

/* Begin PBXContainerItemProxy section */
		E4328147138ABC890047C5CB /* PBXContainerItemProxy */ = {
			isa = PBXContainerItemProxy;
			containerPortal = E4328143138ABC890047C5CB /* openFrameworksLib.xcodeproj */;
			proxyType = 2;
			remoteGlobalIDString = E4B27C1510CBEB8E00536013;
			remoteInfo = openFrameworks;
		};
		E4EEB9AB138B136A00A80321 /* PBXContainerItemProxy */ = {
			isa = PBXContainerItemProxy;
			containerPortal = E4328143138ABC890047C5CB /* openFrameworksLib.xcodeproj */;
			proxyType = 1;
			remoteGlobalIDString = E4B27C1410CBEB8E00536013;
			remoteInfo = openFrameworks;
		};
/* End PBXContainerItemProxy section */

/* Begin PBXCopyFilesBuildPhase section */
		E4C2427710CC5ABF004149E2 /* CopyFiles */ = {
			isa = PBXCopyFilesBuildPhase;
			buildActionMask = 2147483647;
			dstPath = "";
			dstSubfolderSpec = 10;
			files = (
				BBAB23CB13894F3D00AA2426 /* GLUT.framework in CopyFiles */,
			);
			runOnlyForDeploymentPostprocessing = 0;
		};
/* End PBXCopyFilesBuildPhase section */

/* Begin PBXFileReference section */
		1125F9D815C7828B00480FB9 /* BandedMatrix.h */ = {isa = PBXFileReference; fileEncoding = 4; lastKnownFileType = sourcecode.c.h; path = BandedMatrix.h; sourceTree = "<group>"; };
		1125F9D915C7828B00480FB9 /* BSpline.cpp */ = {isa = PBXFileReference; fileEncoding = 4; lastKnownFileType = sourcecode.cpp.cpp; path = BSpline.cpp; sourceTree = "<group>"; };
		1125F9DA15C7828B00480FB9 /* BSpline.h */ = {isa = PBXFileReference; fileEncoding = 4; lastKnownFileType = sourcecode.c.h; path = BSpline.h; sourceTree = "<group>"; };
		1125F9DB15C7828B00480FB9 /* BSplineBase.cpp */ = {isa = PBXFileReference; fileEncoding = 4; lastKnownFileType = sourcecode.cpp.cpp; path = BSplineBase.cpp; sourceTree = "<group>"; };
		1125F9DC15C7828B00480FB9 /* BSplineBase.h */ = {isa = PBXFileReference; fileEncoding = 4; lastKnownFileType = sourcecode.c.h; path = BSplineBase.h; sourceTree = "<group>"; };
		1125F9DD15C7828B00480FB9 /* BSplineLib.cpp */ = {isa = PBXFileReference; fileEncoding = 4; lastKnownFileType = sourcecode.cpp.cpp; path = BSplineLib.cpp; sourceTree = "<group>"; };
		1125FA2015C8009300480FB9 /* barray.cpp */ = {isa = PBXFileReference; fileEncoding = 4; lastKnownFileType = sourcecode.cpp.cpp; path = barray.cpp; sourceTree = "<group>"; };
		1125FA2115C8009300480FB9 /* barray.h */ = {isa = PBXFileReference; fileEncoding = 4; lastKnownFileType = sourcecode.c.h; path = barray.h; sourceTree = "<group>"; };
		1125FA2215C8009300480FB9 /* barray2d.cpp */ = {isa = PBXFileReference; fileEncoding = 4; lastKnownFileType = sourcecode.cpp.cpp; path = barray2d.cpp; sourceTree = "<group>"; };
		1125FA2315C8009300480FB9 /* barray2d.h */ = {isa = PBXFileReference; fileEncoding = 4; lastKnownFileType = sourcecode.c.h; path = barray2d.h; sourceTree = "<group>"; };
		1125FA2415C8009300480FB9 /* barray2d_char.cpp */ = {isa = PBXFileReference; fileEncoding = 4; lastKnownFileType = sourcecode.cpp.cpp; path = barray2d_char.cpp; sourceTree = "<group>"; };
		1125FA2515C8009300480FB9 /* barray2d_complex.cpp */ = {isa = PBXFileReference; fileEncoding = 4; lastKnownFileType = sourcecode.cpp.cpp; path = barray2d_complex.cpp; sourceTree = "<group>"; };
		1125FA2615C8009300480FB9 /* barray2d_coordinate.cpp */ = {isa = PBXFileReference; fileEncoding = 4; lastKnownFileType = sourcecode.cpp.cpp; path = barray2d_coordinate.cpp; sourceTree = "<group>"; };
		1125FA2715C8009300480FB9 /* barray2d_double.cpp */ = {isa = PBXFileReference; fileEncoding = 4; lastKnownFileType = sourcecode.cpp.cpp; path = barray2d_double.cpp; sourceTree = "<group>"; };
		1125FA2815C8009300480FB9 /* barray2d_float.cpp */ = {isa = PBXFileReference; fileEncoding = 4; lastKnownFileType = sourcecode.cpp.cpp; path = barray2d_float.cpp; sourceTree = "<group>"; };
		1125FA2915C8009300480FB9 /* barray2d_hpoint.cpp */ = {isa = PBXFileReference; fileEncoding = 4; lastKnownFileType = sourcecode.cpp.cpp; path = barray2d_hpoint.cpp; sourceTree = "<group>"; };
		1125FA2A15C8009300480FB9 /* barray2d_int.cpp */ = {isa = PBXFileReference; fileEncoding = 4; lastKnownFileType = sourcecode.cpp.cpp; path = barray2d_int.cpp; sourceTree = "<group>"; };
		1125FA2B15C8009300480FB9 /* barray2d_point.cpp */ = {isa = PBXFileReference; fileEncoding = 4; lastKnownFileType = sourcecode.cpp.cpp; path = barray2d_point.cpp; sourceTree = "<group>"; };
		1125FA2C15C8009300480FB9 /* barray2d_uchar.cpp */ = {isa = PBXFileReference; fileEncoding = 4; lastKnownFileType = sourcecode.cpp.cpp; path = barray2d_uchar.cpp; sourceTree = "<group>"; };
		1125FA2D15C8009300480FB9 /* barray_char.cpp */ = {isa = PBXFileReference; fileEncoding = 4; lastKnownFileType = sourcecode.cpp.cpp; path = barray_char.cpp; sourceTree = "<group>"; };
		1125FA2E15C8009300480FB9 /* barray_complex.cpp */ = {isa = PBXFileReference; fileEncoding = 4; lastKnownFileType = sourcecode.cpp.cpp; path = barray_complex.cpp; sourceTree = "<group>"; };
		1125FA2F15C8009300480FB9 /* barray_coordinate.cpp */ = {isa = PBXFileReference; fileEncoding = 4; lastKnownFileType = sourcecode.cpp.cpp; path = barray_coordinate.cpp; sourceTree = "<group>"; };
		1125FA3015C8009300480FB9 /* barray_double.cpp */ = {isa = PBXFileReference; fileEncoding = 4; lastKnownFileType = sourcecode.cpp.cpp; path = barray_double.cpp; sourceTree = "<group>"; };
		1125FA3115C8009300480FB9 /* barray_float.cpp */ = {isa = PBXFileReference; fileEncoding = 4; lastKnownFileType = sourcecode.cpp.cpp; path = barray_float.cpp; sourceTree = "<group>"; };
		1125FA3215C8009300480FB9 /* barray_hpoint.cpp */ = {isa = PBXFileReference; fileEncoding = 4; lastKnownFileType = sourcecode.cpp.cpp; path = barray_hpoint.cpp; sourceTree = "<group>"; };
		1125FA3315C8009300480FB9 /* barray_int.cpp */ = {isa = PBXFileReference; fileEncoding = 4; lastKnownFileType = sourcecode.cpp.cpp; path = barray_int.cpp; sourceTree = "<group>"; };
		1125FA3415C8009300480FB9 /* barray_point.cpp */ = {isa = PBXFileReference; fileEncoding = 4; lastKnownFileType = sourcecode.cpp.cpp; path = barray_point.cpp; sourceTree = "<group>"; };
		1125FA3515C8009300480FB9 /* barray_uchar.cpp */ = {isa = PBXFileReference; fileEncoding = 4; lastKnownFileType = sourcecode.cpp.cpp; path = barray_uchar.cpp; sourceTree = "<group>"; };
		1125FA3615C8009300480FB9 /* barray_void.cpp */ = {isa = PBXFileReference; fileEncoding = 4; lastKnownFileType = sourcecode.cpp.cpp; path = barray_void.cpp; sourceTree = "<group>"; };
		1125FA3715C8009300480FB9 /* coordinate.cpp */ = {isa = PBXFileReference; fileEncoding = 4; lastKnownFileType = sourcecode.cpp.cpp; path = coordinate.cpp; sourceTree = "<group>"; };
		1125FA3815C8009300480FB9 /* coordinate.h */ = {isa = PBXFileReference; fileEncoding = 4; lastKnownFileType = sourcecode.c.h; path = coordinate.h; sourceTree = "<group>"; };
		1125FA3915C8009300480FB9 /* cvector.cpp */ = {isa = PBXFileReference; fileEncoding = 4; lastKnownFileType = sourcecode.cpp.cpp; path = cvector.cpp; sourceTree = "<group>"; };
		1125FA3A15C8009300480FB9 /* cvector.h */ = {isa = PBXFileReference; fileEncoding = 4; lastKnownFileType = sourcecode.c.h; path = cvector.h; sourceTree = "<group>"; };
		1125FA3B15C8009300480FB9 /* error.cpp */ = {isa = PBXFileReference; fileEncoding = 4; lastKnownFileType = sourcecode.cpp.cpp; path = error.cpp; sourceTree = "<group>"; };
		1125FA3C15C8009300480FB9 /* error.h */ = {isa = PBXFileReference; fileEncoding = 4; lastKnownFileType = sourcecode.c.h; path = error.h; sourceTree = "<group>"; };
		1125FA3F15C8009300480FB9 /* galloc.h */ = {isa = PBXFileReference; fileEncoding = 4; lastKnownFileType = sourcecode.c.h; path = galloc.h; sourceTree = "<group>"; };
		1125FA4015C8009300480FB9 /* galloc2d.h */ = {isa = PBXFileReference; fileEncoding = 4; lastKnownFileType = sourcecode.c.h; path = galloc2d.h; sourceTree = "<group>"; };
		1125FA4115C8009300480FB9 /* hpoint_nd.cpp */ = {isa = PBXFileReference; fileEncoding = 4; lastKnownFileType = sourcecode.cpp.cpp; path = hpoint_nd.cpp; sourceTree = "<group>"; };
		1125FA4215C8009300480FB9 /* hpoint_nd.h */ = {isa = PBXFileReference; fileEncoding = 4; lastKnownFileType = sourcecode.c.h; path = hpoint_nd.h; sourceTree = "<group>"; };
		1125FA4315C8009300480FB9 /* list.cpp */ = {isa = PBXFileReference; fileEncoding = 4; lastKnownFileType = sourcecode.cpp.cpp; path = list.cpp; sourceTree = "<group>"; };
		1125FA4415C8009300480FB9 /* list.h */ = {isa = PBXFileReference; fileEncoding = 4; lastKnownFileType = sourcecode.c.h; path = list.h; sourceTree = "<group>"; };
		1125FA4815C8009400480FB9 /* matrix.cpp */ = {isa = PBXFileReference; fileEncoding = 4; lastKnownFileType = sourcecode.cpp.cpp; path = matrix.cpp; sourceTree = "<group>"; };
		1125FA4915C8009400480FB9 /* matrix.h */ = {isa = PBXFileReference; fileEncoding = 4; lastKnownFileType = sourcecode.c.h; path = matrix.h; sourceTree = "<group>"; };
		1125FA4A15C8009400480FB9 /* matrix_char.cpp */ = {isa = PBXFileReference; fileEncoding = 4; lastKnownFileType = sourcecode.cpp.cpp; path = matrix_char.cpp; sourceTree = "<group>"; };
		1125FA4B15C8009400480FB9 /* matrix_complex.cpp */ = {isa = PBXFileReference; fileEncoding = 4; lastKnownFileType = sourcecode.cpp.cpp; path = matrix_complex.cpp; sourceTree = "<group>"; };
		1125FA4C15C8009400480FB9 /* matrix_double.cpp */ = {isa = PBXFileReference; fileEncoding = 4; lastKnownFileType = sourcecode.cpp.cpp; path = matrix_double.cpp; sourceTree = "<group>"; };
		1125FA4D15C8009400480FB9 /* matrix_float.cpp */ = {isa = PBXFileReference; fileEncoding = 4; lastKnownFileType = sourcecode.cpp.cpp; path = matrix_float.cpp; sourceTree = "<group>"; };
		1125FA4E15C8009400480FB9 /* matrix_global.h */ = {isa = PBXFileReference; fileEncoding = 4; lastKnownFileType = sourcecode.c.h; path = matrix_global.h; sourceTree = "<group>"; };
		1125FA4F15C8009400480FB9 /* matrix_hpoint.cpp */ = {isa = PBXFileReference; fileEncoding = 4; lastKnownFileType = sourcecode.cpp.cpp; path = matrix_hpoint.cpp; sourceTree = "<group>"; };
		1125FA5015C8009400480FB9 /* matrix_int.cpp */ = {isa = PBXFileReference; fileEncoding = 4; lastKnownFileType = sourcecode.cpp.cpp; path = matrix_int.cpp; sourceTree = "<group>"; };
		1125FA5115C8009400480FB9 /* matrix_point.cpp */ = {isa = PBXFileReference; fileEncoding = 4; lastKnownFileType = sourcecode.cpp.cpp; path = matrix_point.cpp; sourceTree = "<group>"; };
		1125FA5215C8009400480FB9 /* matrix_uchar.cpp */ = {isa = PBXFileReference; fileEncoding = 4; lastKnownFileType = sourcecode.cpp.cpp; path = matrix_uchar.cpp; sourceTree = "<group>"; };
		1125FA5315C8009400480FB9 /* matrixTool.cpp */ = {isa = PBXFileReference; fileEncoding = 4; lastKnownFileType = sourcecode.cpp.cpp; path = matrixTool.cpp; sourceTree = "<group>"; };
		1125FA5415C8009400480FB9 /* matrixTool.h */ = {isa = PBXFileReference; fileEncoding = 4; lastKnownFileType = sourcecode.c.h; path = matrixTool.h; sourceTree = "<group>"; };
		1125FA5515C8009400480FB9 /* point_nd.cpp */ = {isa = PBXFileReference; fileEncoding = 4; lastKnownFileType = sourcecode.cpp.cpp; path = point_nd.cpp; sourceTree = "<group>"; };
		1125FA5615C8009400480FB9 /* point_nd.h */ = {isa = PBXFileReference; fileEncoding = 4; lastKnownFileType = sourcecode.c.h; path = point_nd.h; sourceTree = "<group>"; };
		1125FA5715C8009400480FB9 /* specialType.h */ = {isa = PBXFileReference; fileEncoding = 4; lastKnownFileType = sourcecode.c.h; path = specialType.h; sourceTree = "<group>"; };
		1125FA5815C8009400480FB9 /* specialVcc.h */ = {isa = PBXFileReference; fileEncoding = 4; lastKnownFileType = sourcecode.c.h; path = specialVcc.h; sourceTree = "<group>"; };
		1125FA5915C8009400480FB9 /* vector.cpp */ = {isa = PBXFileReference; fileEncoding = 4; lastKnownFileType = sourcecode.cpp.cpp; path = vector.cpp; sourceTree = "<group>"; };
		1125FA5A15C8009400480FB9 /* vector.h */ = {isa = PBXFileReference; fileEncoding = 4; lastKnownFileType = sourcecode.c.h; path = vector.h; sourceTree = "<group>"; };
		1125FA5B15C8009400480FB9 /* vector_char.cpp */ = {isa = PBXFileReference; fileEncoding = 4; lastKnownFileType = sourcecode.cpp.cpp; path = vector_char.cpp; sourceTree = "<group>"; };
		1125FA5C15C8009400480FB9 /* vector_complex.cpp */ = {isa = PBXFileReference; fileEncoding = 4; lastKnownFileType = sourcecode.cpp.cpp; path = vector_complex.cpp; sourceTree = "<group>"; };
		1125FA5D15C8009400480FB9 /* vector_double.cpp */ = {isa = PBXFileReference; fileEncoding = 4; lastKnownFileType = sourcecode.cpp.cpp; path = vector_double.cpp; sourceTree = "<group>"; };
		1125FA5E15C8009400480FB9 /* vector_float.cpp */ = {isa = PBXFileReference; fileEncoding = 4; lastKnownFileType = sourcecode.cpp.cpp; path = vector_float.cpp; sourceTree = "<group>"; };
		1125FA5F15C8009400480FB9 /* vector_hpoint.cpp */ = {isa = PBXFileReference; fileEncoding = 4; lastKnownFileType = sourcecode.cpp.cpp; path = vector_hpoint.cpp; sourceTree = "<group>"; };
		1125FA6015C8009400480FB9 /* vector_int.cpp */ = {isa = PBXFileReference; fileEncoding = 4; lastKnownFileType = sourcecode.cpp.cpp; path = vector_int.cpp; sourceTree = "<group>"; };
		1125FA6115C8009400480FB9 /* vector_point.cpp */ = {isa = PBXFileReference; fileEncoding = 4; lastKnownFileType = sourcecode.cpp.cpp; path = vector_point.cpp; sourceTree = "<group>"; };
		1125FA6215C8009400480FB9 /* vector_uchar.cpp */ = {isa = PBXFileReference; fileEncoding = 4; lastKnownFileType = sourcecode.cpp.cpp; path = vector_uchar.cpp; sourceTree = "<group>"; };
		1125FB1915C814D000480FB9 /* chebexp.cpp */ = {isa = PBXFileReference; fileEncoding = 4; lastKnownFileType = sourcecode.cpp.cpp; path = chebexp.cpp; sourceTree = "<group>"; };
		1125FB1A15C814D000480FB9 /* chebexp_.cpp */ = {isa = PBXFileReference; fileEncoding = 4; lastKnownFileType = sourcecode.cpp.cpp; path = chebexp_.cpp; sourceTree = "<group>"; };
		1125FB1B15C814D000480FB9 /* fft.cpp */ = {isa = PBXFileReference; fileEncoding = 4; lastKnownFileType = sourcecode.cpp.cpp; path = fft.cpp; sourceTree = "<group>"; };
		1125FB1C15C814D000480FB9 /* fft_.cpp */ = {isa = PBXFileReference; fileEncoding = 4; lastKnownFileType = sourcecode.cpp.cpp; path = fft_.cpp; sourceTree = "<group>"; };
		1125FB1D15C814D000480FB9 /* intccq.cpp */ = {isa = PBXFileReference; fileEncoding = 4; lastKnownFileType = sourcecode.cpp.cpp; path = intccq.cpp; sourceTree = "<group>"; };
		1125FB1E15C814D000480FB9 /* intccq_.cpp */ = {isa = PBXFileReference; fileEncoding = 4; lastKnownFileType = sourcecode.cpp.cpp; path = intccq_.cpp; sourceTree = "<group>"; };
		1125FB1F15C814D000480FB9 /* integrate.h */ = {isa = PBXFileReference; fileEncoding = 4; lastKnownFileType = sourcecode.c.h; path = integrate.h; sourceTree = "<group>"; };
		1125FB2015C814D000480FB9 /* matrixMat.cpp */ = {isa = PBXFileReference; fileEncoding = 4; lastKnownFileType = sourcecode.cpp.cpp; path = matrixMat.cpp; sourceTree = "<group>"; };
		1125FB2115C814D000480FB9 /* matrixMat.h */ = {isa = PBXFileReference; fileEncoding = 4; lastKnownFileType = sourcecode.c.h; path = matrixMat.h; sourceTree = "<group>"; };
		1125FB2215C814D000480FB9 /* matrixMat_.cpp */ = {isa = PBXFileReference; fileEncoding = 4; lastKnownFileType = sourcecode.cpp.cpp; path = matrixMat_.cpp; sourceTree = "<group>"; };
		1125FB2315C814D000480FB9 /* statistic.cpp */ = {isa = PBXFileReference; fileEncoding = 4; lastKnownFileType = sourcecode.cpp.cpp; path = statistic.cpp; sourceTree = "<group>"; };
		1125FB2415C814D000480FB9 /* statistic.h */ = {isa = PBXFileReference; fileEncoding = 4; lastKnownFileType = sourcecode.c.h; path = statistic.h; sourceTree = "<group>"; };
		1125FB2515C814D000480FB9 /* statistic_.cpp */ = {isa = PBXFileReference; fileEncoding = 4; lastKnownFileType = sourcecode.cpp.cpp; path = statistic_.cpp; sourceTree = "<group>"; };
		1125FB3B15C814D400480FB9 /* color.cpp */ = {isa = PBXFileReference; fileEncoding = 4; lastKnownFileType = sourcecode.cpp.cpp; path = color.cpp; sourceTree = "<group>"; };
		1125FB3C15C814D400480FB9 /* color.h */ = {isa = PBXFileReference; fileEncoding = 4; lastKnownFileType = sourcecode.c.h; path = color.h; sourceTree = "<group>"; };
		1125FB3D15C814D400480FB9 /* filter.cpp */ = {isa = PBXFileReference; fileEncoding = 4; lastKnownFileType = sourcecode.cpp.cpp; path = filter.cpp; sourceTree = "<group>"; };
		1125FB3E15C814D400480FB9 /* filter.h */ = {isa = PBXFileReference; fileEncoding = 4; lastKnownFileType = sourcecode.c.h; path = filter.h; sourceTree = "<group>"; };
		1125FB3F15C814D400480FB9 /* filter_.cpp */ = {isa = PBXFileReference; fileEncoding = 4; lastKnownFileType = sourcecode.cpp.cpp; path = filter_.cpp; sourceTree = "<group>"; };
		1125FB4015C814D400480FB9 /* image.cpp */ = {isa = PBXFileReference; fileEncoding = 4; lastKnownFileType = sourcecode.cpp.cpp; path = image.cpp; sourceTree = "<group>"; };
		1125FB4115C814D400480FB9 /* image.h */ = {isa = PBXFileReference; fileEncoding = 4; lastKnownFileType = sourcecode.c.h; path = image.h; sourceTree = "<group>"; };
		1125FB4215C814D400480FB9 /* image_.cpp */ = {isa = PBXFileReference; fileEncoding = 4; lastKnownFileType = sourcecode.cpp.cpp; path = image_.cpp; sourceTree = "<group>"; };
		1125FB4315C814D400480FB9 /* rec_filter.cpp */ = {isa = PBXFileReference; fileEncoding = 4; lastKnownFileType = sourcecode.cpp.cpp; path = rec_filter.cpp; sourceTree = "<group>"; };
		1125FB4415C814D400480FB9 /* rec_filter.h */ = {isa = PBXFileReference; fileEncoding = 4; lastKnownFileType = sourcecode.c.h; path = rec_filter.h; sourceTree = "<group>"; };
		1125FB4515C814D400480FB9 /* rec_filter_.cpp */ = {isa = PBXFileReference; fileEncoding = 4; lastKnownFileType = sourcecode.cpp.cpp; path = rec_filter_.cpp; sourceTree = "<group>"; };
		1125FB4E15C814E100480FB9 /* plib.h */ = {isa = PBXFileReference; fileEncoding = 4; lastKnownFileType = sourcecode.c.h; path = plib.h; sourceTree = "<group>"; };
		1125FB4F15C814E100480FB9 /* plib_config.h */ = {isa = PBXFileReference; fileEncoding = 4; lastKnownFileType = sourcecode.c.h; path = plib_config.h; sourceTree = "<group>"; };
		1125FBC315C8328900480FB9 /* nurbs.h */ = {isa = PBXFileReference; fileEncoding = 4; lastKnownFileType = sourcecode.c.h; path = nurbs.h; sourceTree = "<group>"; };
		1125FBC415C8330E00480FB9 /* curve.cpp */ = {isa = PBXFileReference; fileEncoding = 4; lastKnownFileType = sourcecode.cpp.cpp; path = curve.cpp; sourceTree = "<group>"; };
		1125FBC515C8330E00480FB9 /* curve.h */ = {isa = PBXFileReference; fileEncoding = 4; lastKnownFileType = sourcecode.c.h; path = curve.h; sourceTree = "<group>"; };
		1125FBC615C8330E00480FB9 /* d_curve.cpp */ = {isa = PBXFileReference; fileEncoding = 4; lastKnownFileType = sourcecode.cpp.cpp; path = d_curve.cpp; sourceTree = "<group>"; };
		1125FBC715C8330E00480FB9 /* f_curve.cpp */ = {isa = PBXFileReference; fileEncoding = 4; lastKnownFileType = sourcecode.cpp.cpp; path = f_curve.cpp; sourceTree = "<group>"; };
		1125FBCD15C8335800480FB9 /* nurbsS.h */ = {isa = PBXFileReference; fileEncoding = 4; lastKnownFileType = sourcecode.c.h; path = nurbsS.h; sourceTree = "<group>"; };
		BBAB23BE13894E4700AA2426 /* GLUT.framework */ = {isa = PBXFileReference; lastKnownFileType = wrapper.framework; name = GLUT.framework; path = ../../../libs/glut/lib/osx/GLUT.framework; sourceTree = "<group>"; };
		E4328143138ABC890047C5CB /* openFrameworksLib.xcodeproj */ = {isa = PBXFileReference; lastKnownFileType = "wrapper.pb-project"; name = openFrameworksLib.xcodeproj; path = ../../../libs/openFrameworksCompiled/project/osx/openFrameworksLib.xcodeproj; sourceTree = SOURCE_ROOT; };
		E45BE9710E8CC7DD009D7055 /* AGL.framework */ = {isa = PBXFileReference; lastKnownFileType = wrapper.framework; name = AGL.framework; path = /System/Library/Frameworks/AGL.framework; sourceTree = "<absolute>"; };
		E45BE9720E8CC7DD009D7055 /* ApplicationServices.framework */ = {isa = PBXFileReference; lastKnownFileType = wrapper.framework; name = ApplicationServices.framework; path = /System/Library/Frameworks/ApplicationServices.framework; sourceTree = "<absolute>"; };
		E45BE9730E8CC7DD009D7055 /* AudioToolbox.framework */ = {isa = PBXFileReference; lastKnownFileType = wrapper.framework; name = AudioToolbox.framework; path = /System/Library/Frameworks/AudioToolbox.framework; sourceTree = "<absolute>"; };
		E45BE9740E8CC7DD009D7055 /* Carbon.framework */ = {isa = PBXFileReference; lastKnownFileType = wrapper.framework; name = Carbon.framework; path = /System/Library/Frameworks/Carbon.framework; sourceTree = "<absolute>"; };
		E45BE9750E8CC7DD009D7055 /* CoreAudio.framework */ = {isa = PBXFileReference; lastKnownFileType = wrapper.framework; name = CoreAudio.framework; path = /System/Library/Frameworks/CoreAudio.framework; sourceTree = "<absolute>"; };
		E45BE9760E8CC7DD009D7055 /* CoreFoundation.framework */ = {isa = PBXFileReference; lastKnownFileType = wrapper.framework; name = CoreFoundation.framework; path = /System/Library/Frameworks/CoreFoundation.framework; sourceTree = "<absolute>"; };
		E45BE9770E8CC7DD009D7055 /* CoreServices.framework */ = {isa = PBXFileReference; lastKnownFileType = wrapper.framework; name = CoreServices.framework; path = /System/Library/Frameworks/CoreServices.framework; sourceTree = "<absolute>"; };
		E45BE9790E8CC7DD009D7055 /* OpenGL.framework */ = {isa = PBXFileReference; lastKnownFileType = wrapper.framework; name = OpenGL.framework; path = /System/Library/Frameworks/OpenGL.framework; sourceTree = "<absolute>"; };
		E45BE97A0E8CC7DD009D7055 /* QuickTime.framework */ = {isa = PBXFileReference; lastKnownFileType = wrapper.framework; name = QuickTime.framework; path = /System/Library/Frameworks/QuickTime.framework; sourceTree = "<absolute>"; };
		E4B69B5B0A3A1756003C02F2 /* splineTestDebug.app */ = {isa = PBXFileReference; explicitFileType = wrapper.application; includeInIndex = 0; path = splineTestDebug.app; sourceTree = BUILT_PRODUCTS_DIR; };
		E4B69E1D0A3A1BDC003C02F2 /* main.cpp */ = {isa = PBXFileReference; fileEncoding = 30; lastKnownFileType = sourcecode.cpp.cpp; name = main.cpp; path = src/main.cpp; sourceTree = SOURCE_ROOT; };
		E4B69E1E0A3A1BDC003C02F2 /* testApp.cpp */ = {isa = PBXFileReference; explicitFileType = sourcecode.cpp.cpp; fileEncoding = 30; name = testApp.cpp; path = src/testApp.cpp; sourceTree = SOURCE_ROOT; };
		E4B69E1F0A3A1BDC003C02F2 /* testApp.h */ = {isa = PBXFileReference; fileEncoding = 30; lastKnownFileType = sourcecode.c.h; name = testApp.h; path = src/testApp.h; sourceTree = SOURCE_ROOT; };
		E4B6FCAD0C3E899E008CF71C /* openFrameworks-Info.plist */ = {isa = PBXFileReference; fileEncoding = 30; lastKnownFileType = text.plist.xml; path = "openFrameworks-Info.plist"; sourceTree = "<group>"; };
		E4C2424410CC5A17004149E2 /* AppKit.framework */ = {isa = PBXFileReference; lastKnownFileType = wrapper.framework; name = AppKit.framework; path = /System/Library/Frameworks/AppKit.framework; sourceTree = "<absolute>"; };
		E4C2424510CC5A17004149E2 /* Cocoa.framework */ = {isa = PBXFileReference; lastKnownFileType = wrapper.framework; name = Cocoa.framework; path = /System/Library/Frameworks/Cocoa.framework; sourceTree = "<absolute>"; };
		E4C2424610CC5A17004149E2 /* IOKit.framework */ = {isa = PBXFileReference; lastKnownFileType = wrapper.framework; name = IOKit.framework; path = /System/Library/Frameworks/IOKit.framework; sourceTree = "<absolute>"; };
		E4EB691F138AFCF100A09F29 /* CoreOF.xcconfig */ = {isa = PBXFileReference; fileEncoding = 4; lastKnownFileType = text.xcconfig; name = CoreOF.xcconfig; path = ../../../libs/openFrameworksCompiled/project/osx/CoreOF.xcconfig; sourceTree = SOURCE_ROOT; };
		E4EB6923138AFD0F00A09F29 /* Project.xcconfig */ = {isa = PBXFileReference; fileEncoding = 4; lastKnownFileType = text.xcconfig; path = Project.xcconfig; sourceTree = "<group>"; };
/* End PBXFileReference section */

/* Begin PBXFrameworksBuildPhase section */
		E4B69B590A3A1756003C02F2 /* Frameworks */ = {
			isa = PBXFrameworksBuildPhase;
			buildActionMask = 2147483647;
			files = (
				E4EB6799138ADC1D00A09F29 /* GLUT.framework in Frameworks */,
				E4328149138ABC9F0047C5CB /* openFrameworksDebug.a in Frameworks */,
				E45BE97B0E8CC7DD009D7055 /* AGL.framework in Frameworks */,
				E45BE97C0E8CC7DD009D7055 /* ApplicationServices.framework in Frameworks */,
				E45BE97D0E8CC7DD009D7055 /* AudioToolbox.framework in Frameworks */,
				E45BE97E0E8CC7DD009D7055 /* Carbon.framework in Frameworks */,
				E45BE97F0E8CC7DD009D7055 /* CoreAudio.framework in Frameworks */,
				E45BE9800E8CC7DD009D7055 /* CoreFoundation.framework in Frameworks */,
				E45BE9810E8CC7DD009D7055 /* CoreServices.framework in Frameworks */,
				E45BE9830E8CC7DD009D7055 /* OpenGL.framework in Frameworks */,
				E45BE9840E8CC7DD009D7055 /* QuickTime.framework in Frameworks */,
				E4C2424710CC5A17004149E2 /* AppKit.framework in Frameworks */,
				E4C2424810CC5A17004149E2 /* Cocoa.framework in Frameworks */,
				E4C2424910CC5A17004149E2 /* IOKit.framework in Frameworks */,
			);
			runOnlyForDeploymentPostprocessing = 0;
		};
/* End PBXFrameworksBuildPhase section */

/* Begin PBXGroup section */
		1125F9D715C7828B00480FB9 /* bspline */ = {
			isa = PBXGroup;
			children = (
				1125F9D815C7828B00480FB9 /* BandedMatrix.h */,
				1125F9D915C7828B00480FB9 /* BSpline.cpp */,
				1125F9DA15C7828B00480FB9 /* BSpline.h */,
				1125F9DB15C7828B00480FB9 /* BSplineBase.cpp */,
				1125F9DC15C7828B00480FB9 /* BSplineBase.h */,
				1125F9DD15C7828B00480FB9 /* BSplineLib.cpp */,
			);
			path = bspline;
			sourceTree = "<group>";
		};
		1125F9F315C8009300480FB9 /* matrix */ = {
			isa = PBXGroup;
			children = (
				1125FA2015C8009300480FB9 /* barray.cpp */,
				1125FA2115C8009300480FB9 /* barray.h */,
				1125FA2215C8009300480FB9 /* barray2d.cpp */,
				1125FA2315C8009300480FB9 /* barray2d.h */,
				1125FA2415C8009300480FB9 /* barray2d_char.cpp */,
				1125FA2515C8009300480FB9 /* barray2d_complex.cpp */,
				1125FA2615C8009300480FB9 /* barray2d_coordinate.cpp */,
				1125FA2715C8009300480FB9 /* barray2d_double.cpp */,
				1125FA2815C8009300480FB9 /* barray2d_float.cpp */,
				1125FA2915C8009300480FB9 /* barray2d_hpoint.cpp */,
				1125FA2A15C8009300480FB9 /* barray2d_int.cpp */,
				1125FA2B15C8009300480FB9 /* barray2d_point.cpp */,
				1125FA2C15C8009300480FB9 /* barray2d_uchar.cpp */,
				1125FA2D15C8009300480FB9 /* barray_char.cpp */,
				1125FA2E15C8009300480FB9 /* barray_complex.cpp */,
				1125FA2F15C8009300480FB9 /* barray_coordinate.cpp */,
				1125FA3015C8009300480FB9 /* barray_double.cpp */,
				1125FA3115C8009300480FB9 /* barray_float.cpp */,
				1125FA3215C8009300480FB9 /* barray_hpoint.cpp */,
				1125FA3315C8009300480FB9 /* barray_int.cpp */,
				1125FA3415C8009300480FB9 /* barray_point.cpp */,
				1125FA3515C8009300480FB9 /* barray_uchar.cpp */,
				1125FA3615C8009300480FB9 /* barray_void.cpp */,
				1125FA3715C8009300480FB9 /* coordinate.cpp */,
				1125FA3815C8009300480FB9 /* coordinate.h */,
				1125FA3915C8009300480FB9 /* cvector.cpp */,
				1125FA3A15C8009300480FB9 /* cvector.h */,
				1125FA3B15C8009300480FB9 /* error.cpp */,
				1125FA3C15C8009300480FB9 /* error.h */,
				1125FA3F15C8009300480FB9 /* galloc.h */,
				1125FA4015C8009300480FB9 /* galloc2d.h */,
				1125FA4115C8009300480FB9 /* hpoint_nd.cpp */,
				1125FA4215C8009300480FB9 /* hpoint_nd.h */,
				1125FA4315C8009300480FB9 /* list.cpp */,
				1125FA4415C8009300480FB9 /* list.h */,
				1125FA4815C8009400480FB9 /* matrix.cpp */,
				1125FA4915C8009400480FB9 /* matrix.h */,
				1125FA4A15C8009400480FB9 /* matrix_char.cpp */,
				1125FA4B15C8009400480FB9 /* matrix_complex.cpp */,
				1125FA4C15C8009400480FB9 /* matrix_double.cpp */,
				1125FA4D15C8009400480FB9 /* matrix_float.cpp */,
				1125FA4E15C8009400480FB9 /* matrix_global.h */,
				1125FA4F15C8009400480FB9 /* matrix_hpoint.cpp */,
				1125FA5015C8009400480FB9 /* matrix_int.cpp */,
				1125FA5115C8009400480FB9 /* matrix_point.cpp */,
				1125FA5215C8009400480FB9 /* matrix_uchar.cpp */,
				1125FA5315C8009400480FB9 /* matrixTool.cpp */,
				1125FA5415C8009400480FB9 /* matrixTool.h */,
				1125FA5515C8009400480FB9 /* point_nd.cpp */,
				1125FA5615C8009400480FB9 /* point_nd.h */,
				1125FA5715C8009400480FB9 /* specialType.h */,
				1125FA5815C8009400480FB9 /* specialVcc.h */,
				1125FA5915C8009400480FB9 /* vector.cpp */,
				1125FA5A15C8009400480FB9 /* vector.h */,
				1125FA5B15C8009400480FB9 /* vector_char.cpp */,
				1125FA5C15C8009400480FB9 /* vector_complex.cpp */,
				1125FA5D15C8009400480FB9 /* vector_double.cpp */,
				1125FA5E15C8009400480FB9 /* vector_float.cpp */,
				1125FA5F15C8009400480FB9 /* vector_hpoint.cpp */,
				1125FA6015C8009400480FB9 /* vector_int.cpp */,
				1125FA6115C8009400480FB9 /* vector_point.cpp */,
				1125FA6215C8009400480FB9 /* vector_uchar.cpp */,
			);
			path = matrix;
			sourceTree = "<group>";
		};
		1125FB0B15C814CF00480FB9 /* numerical */ = {
			isa = PBXGroup;
			children = (
				1125FB1915C814D000480FB9 /* chebexp.cpp */,
				1125FB1A15C814D000480FB9 /* chebexp_.cpp */,
				1125FB1B15C814D000480FB9 /* fft.cpp */,
				1125FB1C15C814D000480FB9 /* fft_.cpp */,
				1125FB1D15C814D000480FB9 /* intccq.cpp */,
				1125FB1E15C814D000480FB9 /* intccq_.cpp */,
				1125FB1F15C814D000480FB9 /* integrate.h */,
				1125FB2015C814D000480FB9 /* matrixMat.cpp */,
				1125FB2115C814D000480FB9 /* matrixMat.h */,
				1125FB2215C814D000480FB9 /* matrixMat_.cpp */,
				1125FB2315C814D000480FB9 /* statistic.cpp */,
				1125FB2415C814D000480FB9 /* statistic.h */,
				1125FB2515C814D000480FB9 /* statistic_.cpp */,
			);
			path = numerical;
			sourceTree = "<group>";
		};
		1125FB3415C814D400480FB9 /* image */ = {
			isa = PBXGroup;
			children = (
				1125FB3B15C814D400480FB9 /* color.cpp */,
				1125FB3C15C814D400480FB9 /* color.h */,
				1125FB3D15C814D400480FB9 /* filter.cpp */,
				1125FB3E15C814D400480FB9 /* filter.h */,
				1125FB3F15C814D400480FB9 /* filter_.cpp */,
				1125FB4015C814D400480FB9 /* image.cpp */,
				1125FB4115C814D400480FB9 /* image.h */,
				1125FB4215C814D400480FB9 /* image_.cpp */,
				1125FB4315C814D400480FB9 /* rec_filter.cpp */,
				1125FB4415C814D400480FB9 /* rec_filter.h */,
				1125FB4515C814D400480FB9 /* rec_filter_.cpp */,
			);
			path = image;
			sourceTree = "<group>";
		};
		1125FB4D15C814E000480FB9 /* include */ = {
			isa = PBXGroup;
			children = (
				1125FB4E15C814E100480FB9 /* plib.h */,
				1125FB4F15C814E100480FB9 /* plib_config.h */,
			);
			path = include;
			sourceTree = "<group>";
		};
		1125FB5015C8180D00480FB9 /* nurbs */ = {
			isa = PBXGroup;
			children = (
				1125FBC415C8330E00480FB9 /* curve.cpp */,
				1125FBC515C8330E00480FB9 /* curve.h */,
				1125FBC615C8330E00480FB9 /* d_curve.cpp */,
				1125FBC715C8330E00480FB9 /* f_curve.cpp */,
				1125FBC315C8328900480FB9 /* nurbs.h */,
				1125FBCD15C8335800480FB9 /* nurbsS.h */,
			);
			path = nurbs;
			sourceTree = "<group>";
		};
		BB4B014C10F69532006C3DED /* addons */ = {
			isa = PBXGroup;
			children = (
			);
			name = addons;
			sourceTree = "<group>";
		};
		BBAB23C913894ECA00AA2426 /* system frameworks */ = {
			isa = PBXGroup;
			children = (
				E4C2424410CC5A17004149E2 /* AppKit.framework */,
				E4C2424510CC5A17004149E2 /* Cocoa.framework */,
				E4C2424610CC5A17004149E2 /* IOKit.framework */,
				E45BE9710E8CC7DD009D7055 /* AGL.framework */,
				E45BE9720E8CC7DD009D7055 /* ApplicationServices.framework */,
				E45BE9730E8CC7DD009D7055 /* AudioToolbox.framework */,
				E45BE9740E8CC7DD009D7055 /* Carbon.framework */,
				E45BE9750E8CC7DD009D7055 /* CoreAudio.framework */,
				E45BE9760E8CC7DD009D7055 /* CoreFoundation.framework */,
				E45BE9770E8CC7DD009D7055 /* CoreServices.framework */,
				E45BE9790E8CC7DD009D7055 /* OpenGL.framework */,
				E45BE97A0E8CC7DD009D7055 /* QuickTime.framework */,
			);
			name = "system frameworks";
			sourceTree = "<group>";
		};
		BBAB23CA13894EDB00AA2426 /* 3rd party frameworks */ = {
			isa = PBXGroup;
			children = (
				BBAB23BE13894E4700AA2426 /* GLUT.framework */,
			);
			name = "3rd party frameworks";
			sourceTree = "<group>";
		};
		E4328144138ABC890047C5CB /* Products */ = {
			isa = PBXGroup;
			children = (
				E4328148138ABC890047C5CB /* openFrameworksDebug.a */,
			);
			name = Products;
			sourceTree = "<group>";
		};
		E45BE5980E8CC70C009D7055 /* frameworks */ = {
			isa = PBXGroup;
			children = (
				BBAB23CA13894EDB00AA2426 /* 3rd party frameworks */,
				BBAB23C913894ECA00AA2426 /* system frameworks */,
			);
			name = frameworks;
			sourceTree = "<group>";
		};
		E4B69B4A0A3A1720003C02F2 = {
			isa = PBXGroup;
			children = (
				E4B6FCAD0C3E899E008CF71C /* openFrameworks-Info.plist */,
				E4EB6923138AFD0F00A09F29 /* Project.xcconfig */,
				E4B69E1C0A3A1BDC003C02F2 /* src */,
				E4EEC9E9138DF44700A80321 /* openFrameworks */,
				BB4B014C10F69532006C3DED /* addons */,
				E45BE5980E8CC70C009D7055 /* frameworks */,
				E4B69B5B0A3A1756003C02F2 /* splineTestDebug.app */,
			);
			sourceTree = "<group>";
		};
		E4B69E1C0A3A1BDC003C02F2 /* src */ = {
			isa = PBXGroup;
			children = (
				1125FB5015C8180D00480FB9 /* nurbs */,
				1125FB4D15C814E000480FB9 /* include */,
				1125FB3415C814D400480FB9 /* image */,
				1125FB0B15C814CF00480FB9 /* numerical */,
				1125F9F315C8009300480FB9 /* matrix */,
				1125F9D715C7828B00480FB9 /* bspline */,
				E4B69E1D0A3A1BDC003C02F2 /* main.cpp */,
				E4B69E1E0A3A1BDC003C02F2 /* testApp.cpp */,
				E4B69E1F0A3A1BDC003C02F2 /* testApp.h */,
			);
			path = src;
			sourceTree = SOURCE_ROOT;
		};
		E4EEC9E9138DF44700A80321 /* openFrameworks */ = {
			isa = PBXGroup;
			children = (
				E4EB691F138AFCF100A09F29 /* CoreOF.xcconfig */,
				E4328143138ABC890047C5CB /* openFrameworksLib.xcodeproj */,
			);
			name = openFrameworks;
			sourceTree = "<group>";
		};
/* End PBXGroup section */

/* Begin PBXNativeTarget section */
		E4B69B5A0A3A1756003C02F2 /* splineTest */ = {
			isa = PBXNativeTarget;
			buildConfigurationList = E4B69B5F0A3A1757003C02F2 /* Build configuration list for PBXNativeTarget "splineTest" */;
			buildPhases = (
				E4B69B580A3A1756003C02F2 /* Sources */,
				E4B69B590A3A1756003C02F2 /* Frameworks */,
				E4B6FFFD0C3F9AB9008CF71C /* ShellScript */,
				E4C2427710CC5ABF004149E2 /* CopyFiles */,
			);
			buildRules = (
			);
			dependencies = (
				E4EEB9AC138B136A00A80321 /* PBXTargetDependency */,
			);
			name = splineTest;
			productName = myOFApp;
			productReference = E4B69B5B0A3A1756003C02F2 /* splineTestDebug.app */;
			productType = "com.apple.product-type.application";
		};
/* End PBXNativeTarget section */

/* Begin PBXProject section */
		E4B69B4C0A3A1720003C02F2 /* Project object */ = {
			isa = PBXProject;
			buildConfigurationList = E4B69B4D0A3A1720003C02F2 /* Build configuration list for PBXProject "splineTest" */;
			compatibilityVersion = "Xcode 2.4";
			developmentRegion = English;
			hasScannedForEncodings = 0;
			knownRegions = (
				English,
				Japanese,
				French,
				German,
			);
			mainGroup = E4B69B4A0A3A1720003C02F2;
			productRefGroup = E4B69B4A0A3A1720003C02F2;
			projectDirPath = "";
			projectReferences = (
				{
					ProductGroup = E4328144138ABC890047C5CB /* Products */;
					ProjectRef = E4328143138ABC890047C5CB /* openFrameworksLib.xcodeproj */;
				},
			);
			projectRoot = "";
			targets = (
				E4B69B5A0A3A1756003C02F2 /* splineTest */,
			);
		};
/* End PBXProject section */

/* Begin PBXReferenceProxy section */
		E4328148138ABC890047C5CB /* openFrameworksDebug.a */ = {
			isa = PBXReferenceProxy;
			fileType = archive.ar;
			path = openFrameworksDebug.a;
			remoteRef = E4328147138ABC890047C5CB /* PBXContainerItemProxy */;
			sourceTree = BUILT_PRODUCTS_DIR;
		};
/* End PBXReferenceProxy section */

/* Begin PBXShellScriptBuildPhase section */
		E4B6FFFD0C3F9AB9008CF71C /* ShellScript */ = {
			isa = PBXShellScriptBuildPhase;
			buildActionMask = 2147483647;
			files = (
			);
			inputPaths = (
			);
			outputPaths = (
			);
			runOnlyForDeploymentPostprocessing = 0;
			shellPath = /bin/sh;
			shellScript = "cp -f ../../../libs/fmodex/lib/osx/libfmodex.dylib \"$TARGET_BUILD_DIR/$PRODUCT_NAME.app/Contents/MacOS/libfmodex.dylib\"; install_name_tool -change ./libfmodex.dylib @executable_path/libfmodex.dylib \"$TARGET_BUILD_DIR/$PRODUCT_NAME.app/Contents/MacOS/$PRODUCT_NAME\";";
		};
/* End PBXShellScriptBuildPhase section */

/* Begin PBXSourcesBuildPhase section */
		E4B69B580A3A1756003C02F2 /* Sources */ = {
			isa = PBXSourcesBuildPhase;
			buildActionMask = 2147483647;
			files = (
				E4B69E200A3A1BDC003C02F2 /* main.cpp in Sources */,
				E4B69E210A3A1BDC003C02F2 /* testApp.cpp in Sources */,
				1125F9DE15C7828B00480FB9 /* BSpline.cpp in Sources */,
				1125F9DF15C7828B00480FB9 /* BSplineBase.cpp in Sources */,
				1125F9E015C7828B00480FB9 /* BSplineLib.cpp in Sources */,
				1125FA6915C8009400480FB9 /* barray.cpp in Sources */,
				1125FA6A15C8009400480FB9 /* barray2d.cpp in Sources */,
				1125FA6B15C8009400480FB9 /* barray2d_char.cpp in Sources */,
				1125FA6C15C8009400480FB9 /* barray2d_complex.cpp in Sources */,
				1125FA6D15C8009400480FB9 /* barray2d_coordinate.cpp in Sources */,
				1125FA6E15C8009400480FB9 /* barray2d_double.cpp in Sources */,
				1125FA6F15C8009400480FB9 /* barray2d_float.cpp in Sources */,
				1125FA7015C8009400480FB9 /* barray2d_hpoint.cpp in Sources */,
				1125FA7115C8009400480FB9 /* barray2d_int.cpp in Sources */,
				1125FA7215C8009400480FB9 /* barray2d_point.cpp in Sources */,
				1125FA7315C8009400480FB9 /* barray2d_uchar.cpp in Sources */,
				1125FA7415C8009400480FB9 /* barray_char.cpp in Sources */,
				1125FA7515C8009400480FB9 /* barray_complex.cpp in Sources */,
				1125FA7615C8009400480FB9 /* barray_coordinate.cpp in Sources */,
				1125FA7715C8009400480FB9 /* barray_double.cpp in Sources */,
				1125FA7815C8009400480FB9 /* barray_float.cpp in Sources */,
				1125FA7915C8009400480FB9 /* barray_hpoint.cpp in Sources */,
				1125FA7A15C8009400480FB9 /* barray_int.cpp in Sources */,
				1125FA7B15C8009400480FB9 /* barray_point.cpp in Sources */,
				1125FA7C15C8009400480FB9 /* barray_uchar.cpp in Sources */,
				1125FA7D15C8009400480FB9 /* barray_void.cpp in Sources */,
				1125FA7E15C8009400480FB9 /* coordinate.cpp in Sources */,
				1125FA7F15C8009400480FB9 /* cvector.cpp in Sources */,
				1125FA8015C8009400480FB9 /* error.cpp in Sources */,
				1125FA8315C8009400480FB9 /* hpoint_nd.cpp in Sources */,
				1125FA8415C8009400480FB9 /* list.cpp in Sources */,
				1125FA8615C8009400480FB9 /* matrix.cpp in Sources */,
				1125FA8715C8009400480FB9 /* matrix_char.cpp in Sources */,
				1125FA8815C8009400480FB9 /* matrix_complex.cpp in Sources */,
				1125FA8915C8009400480FB9 /* matrix_double.cpp in Sources */,
				1125FA8A15C8009400480FB9 /* matrix_float.cpp in Sources */,
				1125FA8B15C8009400480FB9 /* matrix_hpoint.cpp in Sources */,
				1125FA8C15C8009400480FB9 /* matrix_int.cpp in Sources */,
				1125FA8D15C8009400480FB9 /* matrix_point.cpp in Sources */,
				1125FA8E15C8009400480FB9 /* matrix_uchar.cpp in Sources */,
				1125FA8F15C8009400480FB9 /* matrixTool.cpp in Sources */,
				1125FA9015C8009400480FB9 /* point_nd.cpp in Sources */,
				1125FA9115C8009400480FB9 /* vector.cpp in Sources */,
				1125FA9215C8009400480FB9 /* vector_char.cpp in Sources */,
				1125FA9315C8009400480FB9 /* vector_complex.cpp in Sources */,
				1125FA9415C8009400480FB9 /* vector_double.cpp in Sources */,
				1125FA9515C8009400480FB9 /* vector_float.cpp in Sources */,
				1125FA9615C8009400480FB9 /* vector_hpoint.cpp in Sources */,
				1125FA9715C8009400480FB9 /* vector_int.cpp in Sources */,
				1125FA9815C8009400480FB9 /* vector_point.cpp in Sources */,
				1125FA9915C8009400480FB9 /* vector_uchar.cpp in Sources */,
				1125FB2A15C814D000480FB9 /* chebexp.cpp in Sources */,
				1125FB2B15C814D000480FB9 /* chebexp_.cpp in Sources */,
				1125FB2C15C814D000480FB9 /* fft.cpp in Sources */,
				1125FB2D15C814D000480FB9 /* fft_.cpp in Sources */,
				1125FB2E15C814D000480FB9 /* intccq.cpp in Sources */,
				1125FB2F15C814D000480FB9 /* intccq_.cpp in Sources */,
				1125FB3015C814D000480FB9 /* matrixMat.cpp in Sources */,
				1125FB3115C814D000480FB9 /* matrixMat_.cpp in Sources */,
				1125FB3215C814D000480FB9 /* statistic.cpp in Sources */,
				1125FB3315C814D000480FB9 /* statistic_.cpp in Sources */,
				1125FB4615C814D400480FB9 /* color.cpp in Sources */,
				1125FB4715C814D400480FB9 /* filter.cpp in Sources */,
				1125FB4815C814D400480FB9 /* filter_.cpp in Sources */,
				1125FB4915C814D400480FB9 /* image.cpp in Sources */,
				1125FB4A15C814D400480FB9 /* image_.cpp in Sources */,
				1125FB4B15C814D400480FB9 /* rec_filter.cpp in Sources */,
				1125FB4C15C814D400480FB9 /* rec_filter_.cpp in Sources */,
				1125FBC915C8330E00480FB9 /* curve.cpp in Sources */,
				1125FBCA15C8330E00480FB9 /* d_curve.cpp in Sources */,
				1125FBCB15C8330E00480FB9 /* f_curve.cpp in Sources */,
			);
			runOnlyForDeploymentPostprocessing = 0;
		};
/* End PBXSourcesBuildPhase section */

/* Begin PBXTargetDependency section */
		E4EEB9AC138B136A00A80321 /* PBXTargetDependency */ = {
			isa = PBXTargetDependency;
			name = openFrameworks;
			targetProxy = E4EEB9AB138B136A00A80321 /* PBXContainerItemProxy */;
		};
/* End PBXTargetDependency section */

/* Begin XCBuildConfiguration section */
		E4B69B4E0A3A1720003C02F2 /* Debug */ = {
			isa = XCBuildConfiguration;
			baseConfigurationReference = E4EB6923138AFD0F00A09F29 /* Project.xcconfig */;
			buildSettings = {
				ARCHS = "$(NATIVE_ARCH)";
				CONFIGURATION_BUILD_DIR = "$(SRCROOT)/bin/";
				COPY_PHASE_STRIP = NO;
				DEAD_CODE_STRIPPING = YES;
				GCC_AUTO_VECTORIZATION = YES;
				GCC_ENABLE_SSE3_EXTENSIONS = YES;
				GCC_ENABLE_SUPPLEMENTAL_SSE3_INSTRUCTIONS = YES;
				GCC_INLINES_ARE_PRIVATE_EXTERN = NO;
				GCC_OPTIMIZATION_LEVEL = 0;
				GCC_SYMBOLS_PRIVATE_EXTERN = NO;
				GCC_WARN_ABOUT_DEPRECATED_FUNCTIONS = NO;
				GCC_WARN_ABOUT_INVALID_OFFSETOF_MACRO = NO;
				GCC_WARN_ALLOW_INCOMPLETE_PROTOCOL = NO;
				GCC_WARN_UNINITIALIZED_AUTOS = NO;
				GCC_WARN_UNUSED_VALUE = NO;
				GCC_WARN_UNUSED_VARIABLE = NO;
				OTHER_CPLUSPLUSFLAGS = (
					"-D__MACOSX_CORE__",
					"-lpthread",
					"-mtune=native",
				);
			};
			name = Debug;
		};
		E4B69B4F0A3A1720003C02F2 /* Release */ = {
			isa = XCBuildConfiguration;
			baseConfigurationReference = E4EB6923138AFD0F00A09F29 /* Project.xcconfig */;
			buildSettings = {
				ARCHS = "$(NATIVE_ARCH)";
				CONFIGURATION_BUILD_DIR = "$(SRCROOT)/bin/";
				COPY_PHASE_STRIP = YES;
				DEAD_CODE_STRIPPING = YES;
				GCC_AUTO_VECTORIZATION = YES;
				GCC_ENABLE_SSE3_EXTENSIONS = YES;
				GCC_ENABLE_SUPPLEMENTAL_SSE3_INSTRUCTIONS = YES;
				GCC_INLINES_ARE_PRIVATE_EXTERN = NO;
				GCC_OPTIMIZATION_LEVEL = 3;
				GCC_SYMBOLS_PRIVATE_EXTERN = NO;
				GCC_UNROLL_LOOPS = YES;
				GCC_WARN_ABOUT_DEPRECATED_FUNCTIONS = NO;
				GCC_WARN_ABOUT_INVALID_OFFSETOF_MACRO = NO;
				GCC_WARN_ALLOW_INCOMPLETE_PROTOCOL = NO;
				GCC_WARN_UNINITIALIZED_AUTOS = NO;
				GCC_WARN_UNUSED_VALUE = NO;
				GCC_WARN_UNUSED_VARIABLE = NO;
				OTHER_CPLUSPLUSFLAGS = (
					"-D__MACOSX_CORE__",
					"-lpthread",
					"-mtune=native",
				);
			};
			name = Release;
		};
		E4B69B600A3A1757003C02F2 /* Debug */ = {
			isa = XCBuildConfiguration;
			buildSettings = {
				COPY_PHASE_STRIP = NO;
				FRAMEWORK_SEARCH_PATHS = (
					"$(inherited)",
					"$(FRAMEWORK_SEARCH_PATHS_QUOTED_FOR_TARGET_1)",
				);
				FRAMEWORK_SEARCH_PATHS_QUOTED_FOR_TARGET_1 = "\"$(SRCROOT)/../../../libs/glut/lib/osx\"";
				GCC_DYNAMIC_NO_PIC = NO;
				GCC_ENABLE_FIX_AND_CONTINUE = YES;
				GCC_GENERATE_DEBUGGING_SYMBOLS = YES;
				GCC_MODEL_TUNING = NONE;
				GCC_PRECOMPILE_PREFIX_HEADER = YES;
				GCC_PREFIX_HEADER = "$(SYSTEM_LIBRARY_DIR)/Frameworks/Carbon.framework/Headers/Carbon.h";
				HEADER_SEARCH_PATHS = (
					"$(OF_CORE_HEADERS)",
					"src/matrix/**",
					"src/nurbs/**",
				);
				INFOPLIST_FILE = "openFrameworks-Info.plist";
				INSTALL_PATH = "$(HOME)/Applications";
				LIBRARY_SEARCH_PATHS = (
					"$(inherited)",
					"$(LIBRARY_SEARCH_PATHS_QUOTED_FOR_TARGET_1)",
					"$(LIBRARY_SEARCH_PATHS_QUOTED_FOR_TARGET_2)",
					"$(LIBRARY_SEARCH_PATHS_QUOTED_FOR_TARGET_3)",
					"$(LIBRARY_SEARCH_PATHS_QUOTED_FOR_TARGET_4)",
					"$(LIBRARY_SEARCH_PATHS_QUOTED_FOR_TARGET_5)",
					"$(LIBRARY_SEARCH_PATHS_QUOTED_FOR_TARGET_6)",
					"$(LIBRARY_SEARCH_PATHS_QUOTED_FOR_TARGET_7)",
					"$(LIBRARY_SEARCH_PATHS_QUOTED_FOR_TARGET_8)",
					"$(LIBRARY_SEARCH_PATHS_QUOTED_FOR_TARGET_9)",
					"$(LIBRARY_SEARCH_PATHS_QUOTED_FOR_TARGET_10)",
					"$(LIBRARY_SEARCH_PATHS_QUOTED_FOR_TARGET_11)",
					"$(LIBRARY_SEARCH_PATHS_QUOTED_FOR_TARGET_12)",
					"$(LIBRARY_SEARCH_PATHS_QUOTED_FOR_TARGET_13)",
					"$(LIBRARY_SEARCH_PATHS_QUOTED_FOR_TARGET_14)",
					"$(LIBRARY_SEARCH_PATHS_QUOTED_FOR_TARGET_15)",
					"$(LIBRARY_SEARCH_PATHS_QUOTED_FOR_TARGET_2)",
					"$(LIBRARY_SEARCH_PATHS_QUOTED_FOR_TARGET_3)",
					"$(LIBRARY_SEARCH_PATHS_QUOTED_FOR_TARGET_7)",
					"$(LIBRARY_SEARCH_PATHS_QUOTED_FOR_TARGET_8)",
					"$(LIBRARY_SEARCH_PATHS_QUOTED_FOR_TARGET_9)",
					"$(LIBRARY_SEARCH_PATHS_QUOTED_FOR_TARGET_10)",
					"$(LIBRARY_SEARCH_PATHS_QUOTED_FOR_TARGET_11)",
					"$(LIBRARY_SEARCH_PATHS_QUOTED_FOR_TARGET_12)",
					"$(LIBRARY_SEARCH_PATHS_QUOTED_FOR_TARGET_13)",
					"$(LIBRARY_SEARCH_PATHS_QUOTED_FOR_TARGET_16)",
					"$(LIBRARY_SEARCH_PATHS_QUOTED_FOR_TARGET_17)",
					"$(LIBRARY_SEARCH_PATHS_QUOTED_FOR_TARGET_18)",
					"$(LIBRARY_SEARCH_PATHS_QUOTED_FOR_TARGET_19)",
					"$(LIBRARY_SEARCH_PATHS_QUOTED_FOR_TARGET_20)",
					"$(LIBRARY_SEARCH_PATHS_QUOTED_FOR_TARGET_21)",
					"$(LIBRARY_SEARCH_PATHS_QUOTED_FOR_TARGET_22)",
					"$(LIBRARY_SEARCH_PATHS_QUOTED_FOR_TARGET_23)",
					"$(LIBRARY_SEARCH_PATHS_QUOTED_FOR_TARGET_24)",
					"$(LIBRARY_SEARCH_PATHS_QUOTED_FOR_TARGET_25)",
					"$(LIBRARY_SEARCH_PATHS_QUOTED_FOR_TARGET_26)",
					"$(LIBRARY_SEARCH_PATHS_QUOTED_FOR_TARGET_27)",
					"$(LIBRARY_SEARCH_PATHS_QUOTED_FOR_TARGET_28)",
					"$(LIBRARY_SEARCH_PATHS_QUOTED_FOR_TARGET_29)",
					"$(LIBRARY_SEARCH_PATHS_QUOTED_FOR_TARGET_30)",
					"$(LIBRARY_SEARCH_PATHS_QUOTED_FOR_TARGET_31)",
					"$(LIBRARY_SEARCH_PATHS_QUOTED_FOR_TARGET_32)",
					"$(LIBRARY_SEARCH_PATHS_QUOTED_FOR_TARGET_33)",
					"$(LIBRARY_SEARCH_PATHS_QUOTED_FOR_TARGET_34)",
					"$(LIBRARY_SEARCH_PATHS_QUOTED_FOR_TARGET_35)",
					"$(LIBRARY_SEARCH_PATHS_QUOTED_FOR_TARGET_36)",
					"$(LIBRARY_SEARCH_PATHS_QUOTED_FOR_TARGET_37)",
					"$(LIBRARY_SEARCH_PATHS_QUOTED_FOR_TARGET_38)",
					"$(LIBRARY_SEARCH_PATHS_QUOTED_FOR_TARGET_39)",
					"$(LIBRARY_SEARCH_PATHS_QUOTED_FOR_TARGET_40)",
					"$(LIBRARY_SEARCH_PATHS_QUOTED_FOR_TARGET_41)",
					"$(LIBRARY_SEARCH_PATHS_QUOTED_FOR_TARGET_42)",
					"$(LIBRARY_SEARCH_PATHS_QUOTED_FOR_TARGET_43)",
					"$(LIBRARY_SEARCH_PATHS_QUOTED_FOR_TARGET_44)",
					"$(LIBRARY_SEARCH_PATHS_QUOTED_FOR_TARGET_45)",
					"$(LIBRARY_SEARCH_PATHS_QUOTED_FOR_TARGET_46)",
					"$(LIBRARY_SEARCH_PATHS_QUOTED_FOR_TARGET_47)",
					"$(LIBRARY_SEARCH_PATHS_QUOTED_FOR_TARGET_48)",
					"$(LIBRARY_SEARCH_PATHS_QUOTED_FOR_TARGET_49)",
					"$(LIBRARY_SEARCH_PATHS_QUOTED_FOR_TARGET_50)",
					"$(LIBRARY_SEARCH_PATHS_QUOTED_FOR_TARGET_51)",
					"$(LIBRARY_SEARCH_PATHS_QUOTED_FOR_TARGET_52)",
					"$(LIBRARY_SEARCH_PATHS_QUOTED_FOR_TARGET_1)",
				);
				LIBRARY_SEARCH_PATHS_QUOTED_FOR_TARGET_1 = "\"$(SRCROOT)/src/numerical/.libs\"";
				PREBINDING = NO;
				PRODUCT_NAME = "$(TARGET_NAME)Debug";
				WRAPPER_EXTENSION = app;
			};
			name = Debug;
		};
		E4B69B610A3A1757003C02F2 /* Release */ = {
			isa = XCBuildConfiguration;
			buildSettings = {
				COPY_PHASE_STRIP = YES;
				FRAMEWORK_SEARCH_PATHS = (
					"$(inherited)",
					"$(FRAMEWORK_SEARCH_PATHS_QUOTED_FOR_TARGET_1)",
				);
				FRAMEWORK_SEARCH_PATHS_QUOTED_FOR_TARGET_1 = "\"$(SRCROOT)/../../../libs/glut/lib/osx\"";
				GCC_ENABLE_FIX_AND_CONTINUE = NO;
				GCC_GENERATE_DEBUGGING_SYMBOLS = YES;
				GCC_MODEL_TUNING = NONE;
				GCC_PRECOMPILE_PREFIX_HEADER = YES;
				GCC_PREFIX_HEADER = "$(SYSTEM_LIBRARY_DIR)/Frameworks/Carbon.framework/Headers/Carbon.h";
				HEADER_SEARCH_PATHS = (
					"$(OF_CORE_HEADERS)",
					"src/matrix/**",
					"src/nurbs/**",
				);
				INFOPLIST_FILE = "openFrameworks-Info.plist";
				INSTALL_PATH = "$(HOME)/Applications";
				LIBRARY_SEARCH_PATHS = (
					"$(inherited)",
					"$(LIBRARY_SEARCH_PATHS_QUOTED_FOR_TARGET_1)",
					"$(LIBRARY_SEARCH_PATHS_QUOTED_FOR_TARGET_2)",
					"$(LIBRARY_SEARCH_PATHS_QUOTED_FOR_TARGET_3)",
					"$(LIBRARY_SEARCH_PATHS_QUOTED_FOR_TARGET_4)",
					"$(LIBRARY_SEARCH_PATHS_QUOTED_FOR_TARGET_5)",
					"$(LIBRARY_SEARCH_PATHS_QUOTED_FOR_TARGET_6)",
					"$(LIBRARY_SEARCH_PATHS_QUOTED_FOR_TARGET_7)",
					"$(LIBRARY_SEARCH_PATHS_QUOTED_FOR_TARGET_8)",
					"$(LIBRARY_SEARCH_PATHS_QUOTED_FOR_TARGET_9)",
					"$(LIBRARY_SEARCH_PATHS_QUOTED_FOR_TARGET_10)",
					"$(LIBRARY_SEARCH_PATHS_QUOTED_FOR_TARGET_11)",
					"$(LIBRARY_SEARCH_PATHS_QUOTED_FOR_TARGET_12)",
					"$(LIBRARY_SEARCH_PATHS_QUOTED_FOR_TARGET_13)",
					"$(LIBRARY_SEARCH_PATHS_QUOTED_FOR_TARGET_14)",
					"$(LIBRARY_SEARCH_PATHS_QUOTED_FOR_TARGET_15)",
					"$(LIBRARY_SEARCH_PATHS_QUOTED_FOR_TARGET_2)",
					"$(LIBRARY_SEARCH_PATHS_QUOTED_1)",
					"$(LIBRARY_SEARCH_PATHS_QUOTED_FOR_TARGET_3)",
					"$(LIBRARY_SEARCH_PATHS_QUOTED_FOR_TARGET_7)",
					"$(LIBRARY_SEARCH_PATHS_QUOTED_FOR_TARGET_8)",
					"$(LIBRARY_SEARCH_PATHS_QUOTED_FOR_TARGET_9)",
					"$(LIBRARY_SEARCH_PATHS_QUOTED_FOR_TARGET_10)",
					"$(LIBRARY_SEARCH_PATHS_QUOTED_FOR_TARGET_11)",
					"$(LIBRARY_SEARCH_PATHS_QUOTED_FOR_TARGET_12)",
					"$(LIBRARY_SEARCH_PATHS_QUOTED_FOR_TARGET_13)",
					"$(LIBRARY_SEARCH_PATHS_QUOTED_FOR_TARGET_16)",
					"$(LIBRARY_SEARCH_PATHS_QUOTED_FOR_TARGET_17)",
					"$(LIBRARY_SEARCH_PATHS_QUOTED_FOR_TARGET_18)",
					"$(LIBRARY_SEARCH_PATHS_QUOTED_FOR_TARGET_19)",
					"$(LIBRARY_SEARCH_PATHS_QUOTED_FOR_TARGET_20)",
					"$(LIBRARY_SEARCH_PATHS_QUOTED_FOR_TARGET_21)",
					"$(LIBRARY_SEARCH_PATHS_QUOTED_FOR_TARGET_22)",
					"$(LIBRARY_SEARCH_PATHS_QUOTED_FOR_TARGET_23)",
					"$(LIBRARY_SEARCH_PATHS_QUOTED_FOR_TARGET_24)",
					"$(LIBRARY_SEARCH_PATHS_QUOTED_FOR_TARGET_25)",
					"$(LIBRARY_SEARCH_PATHS_QUOTED_FOR_TARGET_26)",
					"$(LIBRARY_SEARCH_PATHS_QUOTED_FOR_TARGET_27)",
					"$(LIBRARY_SEARCH_PATHS_QUOTED_FOR_TARGET_28)",
					"$(LIBRARY_SEARCH_PATHS_QUOTED_FOR_TARGET_29)",
					"$(LIBRARY_SEARCH_PATHS_QUOTED_FOR_TARGET_30)",
					"$(LIBRARY_SEARCH_PATHS_QUOTED_FOR_TARGET_31)",
					"$(LIBRARY_SEARCH_PATHS_QUOTED_FOR_TARGET_32)",
					"$(LIBRARY_SEARCH_PATHS_QUOTED_FOR_TARGET_33)",
					"$(LIBRARY_SEARCH_PATHS_QUOTED_FOR_TARGET_34)",
					"$(LIBRARY_SEARCH_PATHS_QUOTED_FOR_TARGET_35)",
					"$(LIBRARY_SEARCH_PATHS_QUOTED_FOR_TARGET_36)",
					"$(LIBRARY_SEARCH_PATHS_QUOTED_FOR_TARGET_37)",
					"$(LIBRARY_SEARCH_PATHS_QUOTED_FOR_TARGET_38)",
					"$(LIBRARY_SEARCH_PATHS_QUOTED_FOR_TARGET_39)",
					"$(LIBRARY_SEARCH_PATHS_QUOTED_FOR_TARGET_40)",
					"$(LIBRARY_SEARCH_PATHS_QUOTED_FOR_TARGET_41)",
					"$(LIBRARY_SEARCH_PATHS_QUOTED_FOR_TARGET_42)",
					"$(LIBRARY_SEARCH_PATHS_QUOTED_FOR_TARGET_43)",
					"$(LIBRARY_SEARCH_PATHS_QUOTED_FOR_TARGET_44)",
					"$(LIBRARY_SEARCH_PATHS_QUOTED_FOR_TARGET_45)",
					"$(LIBRARY_SEARCH_PATHS_QUOTED_FOR_TARGET_46)",
					"$(LIBRARY_SEARCH_PATHS_QUOTED_FOR_TARGET_47)",
					"$(LIBRARY_SEARCH_PATHS_QUOTED_FOR_TARGET_48)",
					"$(LIBRARY_SEARCH_PATHS_QUOTED_FOR_TARGET_49)",
					"$(LIBRARY_SEARCH_PATHS_QUOTED_FOR_TARGET_50)",
					"$(LIBRARY_SEARCH_PATHS_QUOTED_FOR_TARGET_51)",
					"$(LIBRARY_SEARCH_PATHS_QUOTED_FOR_TARGET_1)",
				);
				LIBRARY_SEARCH_PATHS_QUOTED_FOR_TARGET_1 = "\"$(SRCROOT)/src/numerical/.libs\"";
				PREBINDING = NO;
				PRODUCT_NAME = "$(TARGET_NAME)";
				WRAPPER_EXTENSION = app;
			};
			name = Release;
		};
/* End XCBuildConfiguration section */

/* Begin XCConfigurationList section */
		E4B69B4D0A3A1720003C02F2 /* Build configuration list for PBXProject "splineTest" */ = {
			isa = XCConfigurationList;
			buildConfigurations = (
				E4B69B4E0A3A1720003C02F2 /* Debug */,
				E4B69B4F0A3A1720003C02F2 /* Release */,
			);
			defaultConfigurationIsVisible = 0;
			defaultConfigurationName = Release;
		};
		E4B69B5F0A3A1757003C02F2 /* Build configuration list for PBXNativeTarget "splineTest" */ = {
			isa = XCConfigurationList;
			buildConfigurations = (
				E4B69B600A3A1757003C02F2 /* Debug */,
				E4B69B610A3A1757003C02F2 /* Release */,
			);
			defaultConfigurationIsVisible = 0;
			defaultConfigurationName = Release;
		};
/* End XCConfigurationList section */
	};
	rootObject = E4B69B4C0A3A1720003C02F2 /* Project object */;
}
